
Microsoft Visual Studio Solution File, Format Version 12.00
# Visual Studio Version 17
VisualStudioVersion = 17.3.32929.385
MinimumVisualStudioVersion = 10.0.40219.1
Project("{FAE04EC0-301F-11D3-BF4B-00C04F79EFBC}") = "Task_6_3", "Task_6_3\Task_6_3.csproj", "{5D92EF69-94B5-486C-BF8F-35D999E9A901}"
EndProject
Global
	GlobalSection(SolutionConfigurationPlatforms) = preSolution
		Debug|Any CPU = Debug|Any CPU
		Release|Any CPU = Release|Any CPU
	EndGlobalSection
	GlobalSection(ProjectConfigurationPlatforms) = postSolution
		{5D92EF69-94B5-486C-BF8F-35D999E9A901}.Debug|Any CPU.ActiveCfg = Debug|Any CPU
		{5D92EF69-94B5-486C-BF8F-35D999E9A901}.Debug|Any CPU.Build.0 = Debug|Any CPU
		{5D92EF69-94B5-486C-BF8F-35D999E9A901}.Release|Any CPU.ActiveCfg = Release|Any CPU
		{5D92EF69-94B5-486C-BF8F-35D999E9A901}.Release|Any CPU.Build.0 = Release|Any CPU
	EndGlobalSection
	GlobalSection(SolutionProperties) = preSolution
		HideSolutionNode = FALSE
	EndGlobalSection
	GlobalSection(ExtensibilityGlobals) = postSolution
		SolutionGuid = {2F277600-0468-4AF1-882C-0DDE4610A2F9}
	EndGlobalSection
EndGlobal
